
Microsoft Visual Studio Solution File, Format Version 12.00
# Visual Studio Version 17
VisualStudioVersion = 17.14.36518.9
MinimumVisualStudioVersion = 10.0.40219.1
Project("{2150E333-8FDC-42A3-9474-1A3956D46DE8}") = "test", "test", "{F3F3EC4B-4010-49AD-B2D5-21A7CB220506}"
EndProject
Project("{FAE04EC0-301F-11D3-BF4B-00C04F79EFBC}") = "Core.UnitTest", "Test\Core.UnitTest\Core.UnitTest.csproj", "{4A44EEF5-9DF1-4203-9B48-0BE5D336233C}"
EndProject
Project("{2150E333-8FDC-42A3-9474-1A3956D46DE8}") = "src", "src", "{827E0CD3-B72D-47B6-A68D-7590B98EB39B}"
EndProject
Project("{2150E333-8FDC-42A3-9474-1A3956D46DE8}") = "Adapters", "Adapters", "{3E9C3776-17C9-28DE-3735-A8B9F121C183}"
EndProject
Project("{FAE04EC0-301F-11D3-BF4B-00C04F79EFBC}") = "Adapter.PostgreSQL", "src\Adapters\Adapter.PostgreSQL\Adapter.PostgreSQL.csproj", "{77335C8D-3FD3-4C70-B240-1138D65888C2}"
EndProject
Project("{2150E333-8FDC-42A3-9474-1A3956D46DE8}") = "Adapters", "Adapters", "{960E5865-2C05-9F1D-3403-92315485659D}"
EndProject
Project("{FAE04EC0-301F-11D3-BF4B-00C04F79EFBC}") = "Core", "src\Core\Core.csproj", "{82390B53-F6F0-4FE1-BDEE-1D9080F7E4B7}"
EndProject
Project("{FAE04EC0-301F-11D3-BF4B-00C04F79EFBC}") = "Adapter.Api", "src\Adapters\Adapter.Api\Adapter.Api.csproj", "{FB0AC18A-23AE-4D63-B99E-308A8B5C401C}"
EndProject
Project("{FAE04EC0-301F-11D3-BF4B-00C04F79EFBC}") = "Adapter.PostgreSQL.IntegrationTest", "test\Adapters\Adapter.PostgreSQL.IntegrationTest\Adapter.PostgreSQL.IntegrationTest.csproj", "{D72F75E9-8BC6-BD97-A494-7230CA1F9214}"
EndProject
Project("{FAE04EC0-301F-11D3-BF4B-00C04F79EFBC}") = "Architecture.UnitTest", "test\Architecture.UnitTest\Architecture.UnitTest.csproj", "{AD4E17A6-9CCD-758B-D2AA-3C5EF69B9DD7}"
EndProject
Global
	GlobalSection(SolutionConfigurationPlatforms) = preSolution
		Debug|Any CPU = Debug|Any CPU
		Debug|x64 = Debug|x64
		Debug|x86 = Debug|x86
		Release|Any CPU = Release|Any CPU
		Release|x64 = Release|x64
		Release|x86 = Release|x86
	EndGlobalSection
	GlobalSection(ProjectConfigurationPlatforms) = postSolution
		{4A44EEF5-9DF1-4203-9B48-0BE5D336233C}.Debug|Any CPU.ActiveCfg = Debug|Any CPU
		{4A44EEF5-9DF1-4203-9B48-0BE5D336233C}.Debug|Any CPU.Build.0 = Debug|Any CPU
		{4A44EEF5-9DF1-4203-9B48-0BE5D336233C}.Debug|x64.ActiveCfg = Debug|Any CPU
		{4A44EEF5-9DF1-4203-9B48-0BE5D336233C}.Debug|x64.Build.0 = Debug|Any CPU
		{4A44EEF5-9DF1-4203-9B48-0BE5D336233C}.Debug|x86.ActiveCfg = Debug|Any CPU
		{4A44EEF5-9DF1-4203-9B48-0BE5D336233C}.Debug|x86.Build.0 = Debug|Any CPU
		{4A44EEF5-9DF1-4203-9B48-0BE5D336233C}.Release|Any CPU.ActiveCfg = Release|Any CPU
		{4A44EEF5-9DF1-4203-9B48-0BE5D336233C}.Release|Any CPU.Build.0 = Release|Any CPU
		{4A44EEF5-9DF1-4203-9B48-0BE5D336233C}.Release|x64.ActiveCfg = Release|Any CPU
		{4A44EEF5-9DF1-4203-9B48-0BE5D336233C}.Release|x64.Build.0 = Release|Any CPU
		{4A44EEF5-9DF1-4203-9B48-0BE5D336233C}.Release|x86.ActiveCfg = Release|Any CPU
		{4A44EEF5-9DF1-4203-9B48-0BE5D336233C}.Release|x86.Build.0 = Release|Any CPU
		{77335C8D-3FD3-4C70-B240-1138D65888C2}.Debug|Any CPU.ActiveCfg = Debug|Any CPU
		{77335C8D-3FD3-4C70-B240-1138D65888C2}.Debug|Any CPU.Build.0 = Debug|Any CPU
		{77335C8D-3FD3-4C70-B240-1138D65888C2}.Debug|x64.ActiveCfg = Debug|Any CPU
		{77335C8D-3FD3-4C70-B240-1138D65888C2}.Debug|x64.Build.0 = Debug|Any CPU
		{77335C8D-3FD3-4C70-B240-1138D65888C2}.Debug|x86.ActiveCfg = Debug|Any CPU
		{77335C8D-3FD3-4C70-B240-1138D65888C2}.Debug|x86.Build.0 = Debug|Any CPU
		{77335C8D-3FD3-4C70-B240-1138D65888C2}.Release|Any CPU.ActiveCfg = Release|Any CPU
		{77335C8D-3FD3-4C70-B240-1138D65888C2}.Release|Any CPU.Build.0 = Release|Any CPU
		{77335C8D-3FD3-4C70-B240-1138D65888C2}.Release|x64.ActiveCfg = Release|Any CPU
		{77335C8D-3FD3-4C70-B240-1138D65888C2}.Release|x64.Build.0 = Release|Any CPU
		{77335C8D-3FD3-4C70-B240-1138D65888C2}.Release|x86.ActiveCfg = Release|Any CPU
		{77335C8D-3FD3-4C70-B240-1138D65888C2}.Release|x86.Build.0 = Release|Any CPU
		{82390B53-F6F0-4FE1-BDEE-1D9080F7E4B7}.Debug|Any CPU.ActiveCfg = Debug|Any CPU
		{82390B53-F6F0-4FE1-BDEE-1D9080F7E4B7}.Debug|Any CPU.Build.0 = Debug|Any CPU
		{82390B53-F6F0-4FE1-BDEE-1D9080F7E4B7}.Debug|x64.ActiveCfg = Debug|Any CPU
		{82390B53-F6F0-4FE1-BDEE-1D9080F7E4B7}.Debug|x64.Build.0 = Debug|Any CPU
		{82390B53-F6F0-4FE1-BDEE-1D9080F7E4B7}.Debug|x86.ActiveCfg = Debug|Any CPU
		{82390B53-F6F0-4FE1-BDEE-1D9080F7E4B7}.Debug|x86.Build.0 = Debug|Any CPU
		{82390B53-F6F0-4FE1-BDEE-1D9080F7E4B7}.Release|Any CPU.ActiveCfg = Release|Any CPU
		{82390B53-F6F0-4FE1-BDEE-1D9080F7E4B7}.Release|Any CPU.Build.0 = Release|Any CPU
		{82390B53-F6F0-4FE1-BDEE-1D9080F7E4B7}.Release|x64.ActiveCfg = Release|Any CPU
		{82390B53-F6F0-4FE1-BDEE-1D9080F7E4B7}.Release|x64.Build.0 = Release|Any CPU
		{82390B53-F6F0-4FE1-BDEE-1D9080F7E4B7}.Release|x86.ActiveCfg = Release|Any CPU
		{82390B53-F6F0-4FE1-BDEE-1D9080F7E4B7}.Release|x86.Build.0 = Release|Any CPU
		{FB0AC18A-23AE-4D63-B99E-308A8B5C401C}.Debug|Any CPU.ActiveCfg = Debug|Any CPU
		{FB0AC18A-23AE-4D63-B99E-308A8B5C401C}.Debug|Any CPU.Build.0 = Debug|Any CPU
		{FB0AC18A-23AE-4D63-B99E-308A8B5C401C}.Debug|x64.ActiveCfg = Debug|Any CPU
		{FB0AC18A-23AE-4D63-B99E-308A8B5C401C}.Debug|x64.Build.0 = Debug|Any CPU
		{FB0AC18A-23AE-4D63-B99E-308A8B5C401C}.Debug|x86.ActiveCfg = Debug|Any CPU
		{FB0AC18A-23AE-4D63-B99E-308A8B5C401C}.Debug|x86.Build.0 = Debug|Any CPU
		{FB0AC18A-23AE-4D63-B99E-308A8B5C401C}.Release|Any CPU.ActiveCfg = Release|Any CPU
		{FB0AC18A-23AE-4D63-B99E-308A8B5C401C}.Release|Any CPU.Build.0 = Release|Any CPU
		{FB0AC18A-23AE-4D63-B99E-308A8B5C401C}.Release|x64.ActiveCfg = Release|Any CPU
		{FB0AC18A-23AE-4D63-B99E-308A8B5C401C}.Release|x64.Build.0 = Release|Any CPU
		{FB0AC18A-23AE-4D63-B99E-308A8B5C401C}.Release|x86.ActiveCfg = Release|Any CPU
		{FB0AC18A-23AE-4D63-B99E-308A8B5C401C}.Release|x86.Build.0 = Release|Any CPU
		{D72F75E9-8BC6-BD97-A494-7230CA1F9214}.Debug|Any CPU.ActiveCfg = Debug|Any CPU
		{D72F75E9-8BC6-BD97-A494-7230CA1F9214}.Debug|Any CPU.Build.0 = Debug|Any CPU
		{D72F75E9-8BC6-BD97-A494-7230CA1F9214}.Debug|x64.ActiveCfg = Debug|Any CPU
		{D72F75E9-8BC6-BD97-A494-7230CA1F9214}.Debug|x64.Build.0 = Debug|Any CPU
		{D72F75E9-8BC6-BD97-A494-7230CA1F9214}.Debug|x86.ActiveCfg = Debug|Any CPU
		{D72F75E9-8BC6-BD97-A494-7230CA1F9214}.Debug|x86.Build.0 = Debug|Any CPU
		{D72F75E9-8BC6-BD97-A494-7230CA1F9214}.Release|Any CPU.ActiveCfg = Release|Any CPU
		{D72F75E9-8BC6-BD97-A494-7230CA1F9214}.Release|Any CPU.Build.0 = Release|Any CPU
		{D72F75E9-8BC6-BD97-A494-7230CA1F9214}.Release|x64.ActiveCfg = Release|Any CPU
		{D72F75E9-8BC6-BD97-A494-7230CA1F9214}.Release|x64.Build.0 = Release|Any CPU
		{D72F75E9-8BC6-BD97-A494-7230CA1F9214}.Release|x86.ActiveCfg = Release|Any CPU
		{D72F75E9-8BC6-BD97-A494-7230CA1F9214}.Release|x86.Build.0 = Release|Any CPU
		{AD4E17A6-9CCD-758B-D2AA-3C5EF69B9DD7}.Debug|Any CPU.ActiveCfg = Debug|Any CPU
		{AD4E17A6-9CCD-758B-D2AA-3C5EF69B9DD7}.Debug|Any CPU.Build.0 = Debug|Any CPU
		{AD4E17A6-9CCD-758B-D2AA-3C5EF69B9DD7}.Debug|x64.ActiveCfg = Debug|Any CPU
		{AD4E17A6-9CCD-758B-D2AA-3C5EF69B9DD7}.Debug|x64.Build.0 = Debug|Any CPU
		{AD4E17A6-9CCD-758B-D2AA-3C5EF69B9DD7}.Debug|x86.ActiveCfg = Debug|Any CPU
		{AD4E17A6-9CCD-758B-D2AA-3C5EF69B9DD7}.Debug|x86.Build.0 = Debug|Any CPU
		{AD4E17A6-9CCD-758B-D2AA-3C5EF69B9DD7}.Release|Any CPU.ActiveCfg = Release|Any CPU
		{AD4E17A6-9CCD-758B-D2AA-3C5EF69B9DD7}.Release|Any CPU.Build.0 = Release|Any CPU
		{AD4E17A6-9CCD-758B-D2AA-3C5EF69B9DD7}.Release|x64.ActiveCfg = Release|Any CPU
		{AD4E17A6-9CCD-758B-D2AA-3C5EF69B9DD7}.Release|x64.Build.0 = Release|Any CPU
		{AD4E17A6-9CCD-758B-D2AA-3C5EF69B9DD7}.Release|x86.ActiveCfg = Release|Any CPU
		{AD4E17A6-9CCD-758B-D2AA-3C5EF69B9DD7}.Release|x86.Build.0 = Release|Any CPU
	EndGlobalSection
	GlobalSection(SolutionProperties) = preSolution
		HideSolutionNode = FALSE
	EndGlobalSection
	GlobalSection(NestedProjects) = preSolution
		{4A44EEF5-9DF1-4203-9B48-0BE5D336233C} = {F3F3EC4B-4010-49AD-B2D5-21A7CB220506}
		{3E9C3776-17C9-28DE-3735-A8B9F121C183} = {827E0CD3-B72D-47B6-A68D-7590B98EB39B}
		{77335C8D-3FD3-4C70-B240-1138D65888C2} = {3E9C3776-17C9-28DE-3735-A8B9F121C183}
		{960E5865-2C05-9F1D-3403-92315485659D} = {F3F3EC4B-4010-49AD-B2D5-21A7CB220506}
		{82390B53-F6F0-4FE1-BDEE-1D9080F7E4B7} = {827E0CD3-B72D-47B6-A68D-7590B98EB39B}
		{FB0AC18A-23AE-4D63-B99E-308A8B5C401C} = {3E9C3776-17C9-28DE-3735-A8B9F121C183}
		{D72F75E9-8BC6-BD97-A494-7230CA1F9214} = {960E5865-2C05-9F1D-3403-92315485659D}
		{AD4E17A6-9CCD-758B-D2AA-3C5EF69B9DD7} = {F3F3EC4B-4010-49AD-B2D5-21A7CB220506}
	EndGlobalSection
	GlobalSection(ExtensibilityGlobals) = postSolution
		SolutionGuid = {0267911E-ECCA-4028-B7C2-C3DD9175959B}
	EndGlobalSection
EndGlobal
