
Microsoft Visual Studio Solution File, Format Version 12.00
# Visual Studio Version 18
VisualStudioVersion = 18.0.11201.2
MinimumVisualStudioVersion = 10.0.40219.1
Project("{2150E333-8FDC-42A3-9474-1A3956D46DE8}") = "test", "test", "{F3F3EC4B-4010-49AD-B2D5-21A7CB220506}"
EndProject
Project("{FAE04EC0-301F-11D3-BF4B-00C04F79EFBC}") = "Core.UnitTest", "Test\Core.UnitTest\Core.UnitTest.csproj", "{4A44EEF5-9DF1-4203-9B48-0BE5D336233C}"
EndProject
Project("{2150E333-8FDC-42A3-9474-1A3956D46DE8}") = "src", "src", "{827E0CD3-B72D-47B6-A68D-7590B98EB39B}"
	ProjectSection(SolutionItems) = preProject
		docker-compose.yml = docker-compose.yml
	EndProjectSection
EndProject
Project("{2150E333-8FDC-42A3-9474-1A3956D46DE8}") = "Adapters", "Adapters", "{3E9C3776-17C9-28DE-3735-A8B9F121C183}"
EndProject
Project("{FAE04EC0-301F-11D3-BF4B-00C04F79EFBC}") = "Adapter.PostgreSQL", "src\Adapters\Adapter.PostgreSQL\Adapter.PostgreSQL.csproj", "{77335C8D-3FD3-4C70-B240-1138D65888C2}"
EndProject
Project("{2150E333-8FDC-42A3-9474-1A3956D46DE8}") = "Adapters", "Adapters", "{960E5865-2C05-9F1D-3403-92315485659D}"
EndProject
Project("{FAE04EC0-301F-11D3-BF4B-00C04F79EFBC}") = "Core", "src\Core\Core.csproj", "{82390B53-F6F0-4FE1-BDEE-1D9080F7E4B7}"
EndProject
Project("{FAE04EC0-301F-11D3-BF4B-00C04F79EFBC}") = "Adapter.Api", "src\Adapters\Adapter.Api\Adapter.Api.csproj", "{FB0AC18A-23AE-4D63-B99E-308A8B5C401C}"
EndProject
Project("{FAE04EC0-301F-11D3-BF4B-00C04F79EFBC}") = "Adapter.PostgreSQL.IntegrationTest", "test\Adapters\Adapter.PostgreSQL.IntegrationTest\Adapter.PostgreSQL.IntegrationTest.csproj", "{D72F75E9-8BC6-BD97-A494-7230CA1F9214}"
EndProject
Project("{FAE04EC0-301F-11D3-BF4B-00C04F79EFBC}") = "Architecture.UnitTest", "test\Architecture.UnitTest\Architecture.UnitTest.csproj", "{AD4E17A6-9CCD-758B-D2AA-3C5EF69B9DD7}"
EndProject
Project("{2150E333-8FDC-42A3-9474-1A3956D46DE8}") = "Elementos de la solución", "Elementos de la solución", "{568544F0-AF5F-47F0-AF9D-B5C2B70D0B32}"
	ProjectSection(SolutionItems) = preProject
		README.md = README.md
	EndProjectSection
EndProject
Project("{2150E333-8FDC-42A3-9474-1A3956D46DE8}") = "docs", "docs", "{EB973748-21E6-4AE4-8F37-8A8257B0A34C}"
EndProject
Project("{2150E333-8FDC-42A3-9474-1A3956D46DE8}") = "exercises", "exercises", "{CDA901C8-D2B4-4C68-A834-7D5C2CC8DAEA}"
	ProjectSection(SolutionItems) = preProject
		docs\Exercises\Exercise01_RegisterMemberUseCase.md = docs\Exercises\Exercise01_RegisterMemberUseCase.md
		docs\Exercises\Exercise02_addHost.md = docs\Exercises\Exercise02_addHost.md
		docs\Exercises\Exercise03_UnitOfWork.md = docs\Exercises\Exercise03_UnitOfWork.md
		docs\Exercises\Exercise04_addgRPC.md = docs\Exercises\Exercise04_addgRPC.md
		docs\Exercises\Exercise05_addDistributedCachePort.md = docs\Exercises\Exercise05_addDistributedCachePort.md
		docs\Exercises\Exercise06_addPublisherPort.md = docs\Exercises\Exercise06_addPublisherPort.md
		docs\Exercises\Exercise07_CQRS.md = docs\Exercises\Exercise07_CQRS.md
		docs\Exercises\Exercise08_addReverseProxy.md = docs\Exercises\Exercise08_addReverseProxy.md
	EndProjectSection
EndProject
Project("{FAE04EC0-301F-11D3-BF4B-00C04F79EFBC}") = "Adapter.InMemoryData", "test\Adapters\Adapter.InMemoryData\Adapter.InMemoryData.csproj", "{330924EC-F7B3-4EA7-8551-9357CD0B1648}"
EndProject
Project("{FAE04EC0-301F-11D3-BF4B-00C04F79EFBC}") = "Adapter.gRPC", "src\Adapters\Adapter.gRPC\Adapter.gRPC.csproj", "{F276A8FF-77F1-C1D7-343F-7E14369F9406}"
EndProject
Project("{FAE04EC0-301F-11D3-BF4B-00C04F79EFBC}") = "Adapter.Redis", "src\Adapters\Adapter.Redis\Adapter.Redis.csproj", "{99C6C1B6-4994-4CDA-BCE9-D7445853B913}"
EndProject
Project("{FAE04EC0-301F-11D3-BF4B-00C04F79EFBC}") = "Adapter.Pulsar", "src\Adapters\Adapter.Pulsar\Adapter.Pulsar.csproj", "{4355DDB3-D58D-489B-A2FA-976765297D7C}"
EndProject
Project("{2150E333-8FDC-42A3-9474-1A3956D46DE8}") = "seed-data", "seed-data", "{D9F4EDF7-07CA-4C07-AA71-5C1BE17A6741}"
	ProjectSection(SolutionItems) = preProject
		seed-data\01-init-schema.sql = seed-data\01-init-schema.sql
		seed-data\02-seed-clubs.sql = seed-data\02-seed-clubs.sql
	EndProjectSection
EndProject
Project("{FAE04EC0-301F-11D3-BF4B-00C04F79EFBC}") = "Host.Write", "src\Host.Write\Host.Write.csproj", "{BB79A2C8-4E89-4907-BDA2-5AA5BDCF4164}"
EndProject
Project("{FAE04EC0-301F-11D3-BF4B-00C04F79EFBC}") = "Host.Read", "src\Host.Read\Host.Read.csproj", "{2C180D4B-D598-4248-861F-561DBEB82400}"
EndProject
Project("{FAE04EC0-301F-11D3-BF4B-00C04F79EFBC}") = "Host.ReverseProxy", "src\Host.ReverseProxy\Host.ReverseProxy.csproj", "{750F1A7E-C26B-E394-84AB-2AEF276F0E3C}"
EndProject
Project("{FAE04EC0-301F-11D3-BF4B-00C04F79EFBC}") = "Host.ReverseProxy.IntegrationTest", "test\Host.ReverseProxy.IntegrationTest\Host.ReverseProxy.IntegrationTest.csproj", "{A37E7DBF-8D58-44A9-8B31-BA440F918E9D}"
EndProject
Global
	GlobalSection(SolutionConfigurationPlatforms) = preSolution
		Debug|Any CPU = Debug|Any CPU
		Debug|x64 = Debug|x64
		Debug|x86 = Debug|x86
		Release|Any CPU = Release|Any CPU
		Release|x64 = Release|x64
		Release|x86 = Release|x86
	EndGlobalSection
	GlobalSection(ProjectConfigurationPlatforms) = postSolution
		{4A44EEF5-9DF1-4203-9B48-0BE5D336233C}.Debug|Any CPU.ActiveCfg = Debug|Any CPU
		{4A44EEF5-9DF1-4203-9B48-0BE5D336233C}.Debug|Any CPU.Build.0 = Debug|Any CPU
		{4A44EEF5-9DF1-4203-9B48-0BE5D336233C}.Debug|x64.ActiveCfg = Debug|Any CPU
		{4A44EEF5-9DF1-4203-9B48-0BE5D336233C}.Debug|x64.Build.0 = Debug|Any CPU
		{4A44EEF5-9DF1-4203-9B48-0BE5D336233C}.Debug|x86.ActiveCfg = Debug|Any CPU
		{4A44EEF5-9DF1-4203-9B48-0BE5D336233C}.Debug|x86.Build.0 = Debug|Any CPU
		{4A44EEF5-9DF1-4203-9B48-0BE5D336233C}.Release|Any CPU.ActiveCfg = Release|Any CPU
		{4A44EEF5-9DF1-4203-9B48-0BE5D336233C}.Release|Any CPU.Build.0 = Release|Any CPU
		{4A44EEF5-9DF1-4203-9B48-0BE5D336233C}.Release|x64.ActiveCfg = Release|Any CPU
		{4A44EEF5-9DF1-4203-9B48-0BE5D336233C}.Release|x64.Build.0 = Release|Any CPU
		{4A44EEF5-9DF1-4203-9B48-0BE5D336233C}.Release|x86.ActiveCfg = Release|Any CPU
		{4A44EEF5-9DF1-4203-9B48-0BE5D336233C}.Release|x86.Build.0 = Release|Any CPU
		{77335C8D-3FD3-4C70-B240-1138D65888C2}.Debug|Any CPU.ActiveCfg = Debug|Any CPU
		{77335C8D-3FD3-4C70-B240-1138D65888C2}.Debug|Any CPU.Build.0 = Debug|Any CPU
		{77335C8D-3FD3-4C70-B240-1138D65888C2}.Debug|x64.ActiveCfg = Debug|Any CPU
		{77335C8D-3FD3-4C70-B240-1138D65888C2}.Debug|x64.Build.0 = Debug|Any CPU
		{77335C8D-3FD3-4C70-B240-1138D65888C2}.Debug|x86.ActiveCfg = Debug|Any CPU
		{77335C8D-3FD3-4C70-B240-1138D65888C2}.Debug|x86.Build.0 = Debug|Any CPU
		{77335C8D-3FD3-4C70-B240-1138D65888C2}.Release|Any CPU.ActiveCfg = Release|Any CPU
		{77335C8D-3FD3-4C70-B240-1138D65888C2}.Release|Any CPU.Build.0 = Release|Any CPU
		{77335C8D-3FD3-4C70-B240-1138D65888C2}.Release|x64.ActiveCfg = Release|Any CPU
		{77335C8D-3FD3-4C70-B240-1138D65888C2}.Release|x64.Build.0 = Release|Any CPU
		{77335C8D-3FD3-4C70-B240-1138D65888C2}.Release|x86.ActiveCfg = Release|Any CPU
		{77335C8D-3FD3-4C70-B240-1138D65888C2}.Release|x86.Build.0 = Release|Any CPU
		{82390B53-F6F0-4FE1-BDEE-1D9080F7E4B7}.Debug|Any CPU.ActiveCfg = Debug|Any CPU
		{82390B53-F6F0-4FE1-BDEE-1D9080F7E4B7}.Debug|Any CPU.Build.0 = Debug|Any CPU
		{82390B53-F6F0-4FE1-BDEE-1D9080F7E4B7}.Debug|x64.ActiveCfg = Debug|Any CPU
		{82390B53-F6F0-4FE1-BDEE-1D9080F7E4B7}.Debug|x64.Build.0 = Debug|Any CPU
		{82390B53-F6F0-4FE1-BDEE-1D9080F7E4B7}.Debug|x86.ActiveCfg = Debug|Any CPU
		{82390B53-F6F0-4FE1-BDEE-1D9080F7E4B7}.Debug|x86.Build.0 = Debug|Any CPU
		{82390B53-F6F0-4FE1-BDEE-1D9080F7E4B7}.Release|Any CPU.ActiveCfg = Release|Any CPU
		{82390B53-F6F0-4FE1-BDEE-1D9080F7E4B7}.Release|Any CPU.Build.0 = Release|Any CPU
		{82390B53-F6F0-4FE1-BDEE-1D9080F7E4B7}.Release|x64.ActiveCfg = Release|Any CPU
		{82390B53-F6F0-4FE1-BDEE-1D9080F7E4B7}.Release|x64.Build.0 = Release|Any CPU
		{82390B53-F6F0-4FE1-BDEE-1D9080F7E4B7}.Release|x86.ActiveCfg = Release|Any CPU
		{82390B53-F6F0-4FE1-BDEE-1D9080F7E4B7}.Release|x86.Build.0 = Release|Any CPU
		{FB0AC18A-23AE-4D63-B99E-308A8B5C401C}.Debug|Any CPU.ActiveCfg = Debug|Any CPU
		{FB0AC18A-23AE-4D63-B99E-308A8B5C401C}.Debug|Any CPU.Build.0 = Debug|Any CPU
		{FB0AC18A-23AE-4D63-B99E-308A8B5C401C}.Debug|x64.ActiveCfg = Debug|Any CPU
		{FB0AC18A-23AE-4D63-B99E-308A8B5C401C}.Debug|x64.Build.0 = Debug|Any CPU
		{FB0AC18A-23AE-4D63-B99E-308A8B5C401C}.Debug|x86.ActiveCfg = Debug|Any CPU
		{FB0AC18A-23AE-4D63-B99E-308A8B5C401C}.Debug|x86.Build.0 = Debug|Any CPU
		{FB0AC18A-23AE-4D63-B99E-308A8B5C401C}.Release|Any CPU.ActiveCfg = Release|Any CPU
		{FB0AC18A-23AE-4D63-B99E-308A8B5C401C}.Release|Any CPU.Build.0 = Release|Any CPU
		{FB0AC18A-23AE-4D63-B99E-308A8B5C401C}.Release|x64.ActiveCfg = Release|Any CPU
		{FB0AC18A-23AE-4D63-B99E-308A8B5C401C}.Release|x64.Build.0 = Release|Any CPU
		{FB0AC18A-23AE-4D63-B99E-308A8B5C401C}.Release|x86.ActiveCfg = Release|Any CPU
		{FB0AC18A-23AE-4D63-B99E-308A8B5C401C}.Release|x86.Build.0 = Release|Any CPU
		{D72F75E9-8BC6-BD97-A494-7230CA1F9214}.Debug|Any CPU.ActiveCfg = Debug|Any CPU
		{D72F75E9-8BC6-BD97-A494-7230CA1F9214}.Debug|Any CPU.Build.0 = Debug|Any CPU
		{D72F75E9-8BC6-BD97-A494-7230CA1F9214}.Debug|x64.ActiveCfg = Debug|Any CPU
		{D72F75E9-8BC6-BD97-A494-7230CA1F9214}.Debug|x64.Build.0 = Debug|Any CPU
		{D72F75E9-8BC6-BD97-A494-7230CA1F9214}.Debug|x86.ActiveCfg = Debug|Any CPU
		{D72F75E9-8BC6-BD97-A494-7230CA1F9214}.Debug|x86.Build.0 = Debug|Any CPU
		{D72F75E9-8BC6-BD97-A494-7230CA1F9214}.Release|Any CPU.ActiveCfg = Release|Any CPU
		{D72F75E9-8BC6-BD97-A494-7230CA1F9214}.Release|Any CPU.Build.0 = Release|Any CPU
		{D72F75E9-8BC6-BD97-A494-7230CA1F9214}.Release|x64.ActiveCfg = Release|Any CPU
		{D72F75E9-8BC6-BD97-A494-7230CA1F9214}.Release|x64.Build.0 = Release|Any CPU
		{D72F75E9-8BC6-BD97-A494-7230CA1F9214}.Release|x86.ActiveCfg = Release|Any CPU
		{D72F75E9-8BC6-BD97-A494-7230CA1F9214}.Release|x86.Build.0 = Release|Any CPU
		{AD4E17A6-9CCD-758B-D2AA-3C5EF69B9DD7}.Debug|Any CPU.ActiveCfg = Debug|Any CPU
		{AD4E17A6-9CCD-758B-D2AA-3C5EF69B9DD7}.Debug|Any CPU.Build.0 = Debug|Any CPU
		{AD4E17A6-9CCD-758B-D2AA-3C5EF69B9DD7}.Debug|x64.ActiveCfg = Debug|Any CPU
		{AD4E17A6-9CCD-758B-D2AA-3C5EF69B9DD7}.Debug|x64.Build.0 = Debug|Any CPU
		{AD4E17A6-9CCD-758B-D2AA-3C5EF69B9DD7}.Debug|x86.ActiveCfg = Debug|Any CPU
		{AD4E17A6-9CCD-758B-D2AA-3C5EF69B9DD7}.Debug|x86.Build.0 = Debug|Any CPU
		{AD4E17A6-9CCD-758B-D2AA-3C5EF69B9DD7}.Release|Any CPU.ActiveCfg = Release|Any CPU
		{AD4E17A6-9CCD-758B-D2AA-3C5EF69B9DD7}.Release|Any CPU.Build.0 = Release|Any CPU
		{AD4E17A6-9CCD-758B-D2AA-3C5EF69B9DD7}.Release|x64.ActiveCfg = Release|Any CPU
		{AD4E17A6-9CCD-758B-D2AA-3C5EF69B9DD7}.Release|x64.Build.0 = Release|Any CPU
		{AD4E17A6-9CCD-758B-D2AA-3C5EF69B9DD7}.Release|x86.ActiveCfg = Release|Any CPU
		{AD4E17A6-9CCD-758B-D2AA-3C5EF69B9DD7}.Release|x86.Build.0 = Release|Any CPU
		{330924EC-F7B3-4EA7-8551-9357CD0B1648}.Debug|Any CPU.ActiveCfg = Debug|Any CPU
		{330924EC-F7B3-4EA7-8551-9357CD0B1648}.Debug|Any CPU.Build.0 = Debug|Any CPU
		{330924EC-F7B3-4EA7-8551-9357CD0B1648}.Debug|x64.ActiveCfg = Debug|Any CPU
		{330924EC-F7B3-4EA7-8551-9357CD0B1648}.Debug|x64.Build.0 = Debug|Any CPU
		{330924EC-F7B3-4EA7-8551-9357CD0B1648}.Debug|x86.ActiveCfg = Debug|Any CPU
		{330924EC-F7B3-4EA7-8551-9357CD0B1648}.Debug|x86.Build.0 = Debug|Any CPU
		{330924EC-F7B3-4EA7-8551-9357CD0B1648}.Release|Any CPU.ActiveCfg = Release|Any CPU
		{330924EC-F7B3-4EA7-8551-9357CD0B1648}.Release|Any CPU.Build.0 = Release|Any CPU
		{330924EC-F7B3-4EA7-8551-9357CD0B1648}.Release|x64.ActiveCfg = Release|Any CPU
		{330924EC-F7B3-4EA7-8551-9357CD0B1648}.Release|x64.Build.0 = Release|Any CPU
		{330924EC-F7B3-4EA7-8551-9357CD0B1648}.Release|x86.ActiveCfg = Release|Any CPU
		{330924EC-F7B3-4EA7-8551-9357CD0B1648}.Release|x86.Build.0 = Release|Any CPU
		{F276A8FF-77F1-C1D7-343F-7E14369F9406}.Debug|Any CPU.ActiveCfg = Debug|Any CPU
		{F276A8FF-77F1-C1D7-343F-7E14369F9406}.Debug|Any CPU.Build.0 = Debug|Any CPU
		{F276A8FF-77F1-C1D7-343F-7E14369F9406}.Debug|x64.ActiveCfg = Debug|Any CPU
		{F276A8FF-77F1-C1D7-343F-7E14369F9406}.Debug|x64.Build.0 = Debug|Any CPU
		{F276A8FF-77F1-C1D7-343F-7E14369F9406}.Debug|x86.ActiveCfg = Debug|Any CPU
		{F276A8FF-77F1-C1D7-343F-7E14369F9406}.Debug|x86.Build.0 = Debug|Any CPU
		{F276A8FF-77F1-C1D7-343F-7E14369F9406}.Release|Any CPU.ActiveCfg = Release|Any CPU
		{F276A8FF-77F1-C1D7-343F-7E14369F9406}.Release|Any CPU.Build.0 = Release|Any CPU
		{F276A8FF-77F1-C1D7-343F-7E14369F9406}.Release|x64.ActiveCfg = Release|Any CPU
		{F276A8FF-77F1-C1D7-343F-7E14369F9406}.Release|x64.Build.0 = Release|Any CPU
		{F276A8FF-77F1-C1D7-343F-7E14369F9406}.Release|x86.ActiveCfg = Release|Any CPU
		{F276A8FF-77F1-C1D7-343F-7E14369F9406}.Release|x86.Build.0 = Release|Any CPU
		{99C6C1B6-4994-4CDA-BCE9-D7445853B913}.Debug|Any CPU.ActiveCfg = Debug|Any CPU
		{99C6C1B6-4994-4CDA-BCE9-D7445853B913}.Debug|Any CPU.Build.0 = Debug|Any CPU
		{99C6C1B6-4994-4CDA-BCE9-D7445853B913}.Debug|x64.ActiveCfg = Debug|Any CPU
		{99C6C1B6-4994-4CDA-BCE9-D7445853B913}.Debug|x64.Build.0 = Debug|Any CPU
		{99C6C1B6-4994-4CDA-BCE9-D7445853B913}.Debug|x86.ActiveCfg = Debug|Any CPU
		{99C6C1B6-4994-4CDA-BCE9-D7445853B913}.Debug|x86.Build.0 = Debug|Any CPU
		{99C6C1B6-4994-4CDA-BCE9-D7445853B913}.Release|Any CPU.ActiveCfg = Release|Any CPU
		{99C6C1B6-4994-4CDA-BCE9-D7445853B913}.Release|Any CPU.Build.0 = Release|Any CPU
		{99C6C1B6-4994-4CDA-BCE9-D7445853B913}.Release|x64.ActiveCfg = Release|Any CPU
		{99C6C1B6-4994-4CDA-BCE9-D7445853B913}.Release|x64.Build.0 = Release|Any CPU
		{99C6C1B6-4994-4CDA-BCE9-D7445853B913}.Release|x86.ActiveCfg = Release|Any CPU
		{99C6C1B6-4994-4CDA-BCE9-D7445853B913}.Release|x86.Build.0 = Release|Any CPU
		{4355DDB3-D58D-489B-A2FA-976765297D7C}.Debug|Any CPU.ActiveCfg = Debug|Any CPU
		{4355DDB3-D58D-489B-A2FA-976765297D7C}.Debug|Any CPU.Build.0 = Debug|Any CPU
		{4355DDB3-D58D-489B-A2FA-976765297D7C}.Debug|x64.ActiveCfg = Debug|Any CPU
		{4355DDB3-D58D-489B-A2FA-976765297D7C}.Debug|x64.Build.0 = Debug|Any CPU
		{4355DDB3-D58D-489B-A2FA-976765297D7C}.Debug|x86.ActiveCfg = Debug|Any CPU
		{4355DDB3-D58D-489B-A2FA-976765297D7C}.Debug|x86.Build.0 = Debug|Any CPU
		{4355DDB3-D58D-489B-A2FA-976765297D7C}.Release|Any CPU.ActiveCfg = Release|Any CPU
		{4355DDB3-D58D-489B-A2FA-976765297D7C}.Release|Any CPU.Build.0 = Release|Any CPU
		{4355DDB3-D58D-489B-A2FA-976765297D7C}.Release|x64.ActiveCfg = Release|Any CPU
		{4355DDB3-D58D-489B-A2FA-976765297D7C}.Release|x64.Build.0 = Release|Any CPU
		{4355DDB3-D58D-489B-A2FA-976765297D7C}.Release|x86.ActiveCfg = Release|Any CPU
		{4355DDB3-D58D-489B-A2FA-976765297D7C}.Release|x86.Build.0 = Release|Any CPU
		{BB79A2C8-4E89-4907-BDA2-5AA5BDCF4164}.Debug|Any CPU.ActiveCfg = Debug|Any CPU
		{BB79A2C8-4E89-4907-BDA2-5AA5BDCF4164}.Debug|Any CPU.Build.0 = Debug|Any CPU
		{BB79A2C8-4E89-4907-BDA2-5AA5BDCF4164}.Debug|x64.ActiveCfg = Debug|Any CPU
		{BB79A2C8-4E89-4907-BDA2-5AA5BDCF4164}.Debug|x64.Build.0 = Debug|Any CPU
		{BB79A2C8-4E89-4907-BDA2-5AA5BDCF4164}.Debug|x86.ActiveCfg = Debug|Any CPU
		{BB79A2C8-4E89-4907-BDA2-5AA5BDCF4164}.Debug|x86.Build.0 = Debug|Any CPU
		{BB79A2C8-4E89-4907-BDA2-5AA5BDCF4164}.Release|Any CPU.ActiveCfg = Release|Any CPU
		{BB79A2C8-4E89-4907-BDA2-5AA5BDCF4164}.Release|Any CPU.Build.0 = Release|Any CPU
		{BB79A2C8-4E89-4907-BDA2-5AA5BDCF4164}.Release|x64.ActiveCfg = Release|Any CPU
		{BB79A2C8-4E89-4907-BDA2-5AA5BDCF4164}.Release|x64.Build.0 = Release|Any CPU
		{BB79A2C8-4E89-4907-BDA2-5AA5BDCF4164}.Release|x86.ActiveCfg = Release|Any CPU
		{BB79A2C8-4E89-4907-BDA2-5AA5BDCF4164}.Release|x86.Build.0 = Release|Any CPU
		{2C180D4B-D598-4248-861F-561DBEB82400}.Debug|Any CPU.ActiveCfg = Debug|Any CPU
		{2C180D4B-D598-4248-861F-561DBEB82400}.Debug|Any CPU.Build.0 = Debug|Any CPU
		{2C180D4B-D598-4248-861F-561DBEB82400}.Debug|x64.ActiveCfg = Debug|Any CPU
		{2C180D4B-D598-4248-861F-561DBEB82400}.Debug|x64.Build.0 = Debug|Any CPU
		{2C180D4B-D598-4248-861F-561DBEB82400}.Debug|x86.ActiveCfg = Debug|Any CPU
		{2C180D4B-D598-4248-861F-561DBEB82400}.Debug|x86.Build.0 = Debug|Any CPU
		{2C180D4B-D598-4248-861F-561DBEB82400}.Release|Any CPU.ActiveCfg = Release|Any CPU
		{2C180D4B-D598-4248-861F-561DBEB82400}.Release|Any CPU.Build.0 = Release|Any CPU
		{2C180D4B-D598-4248-861F-561DBEB82400}.Release|x64.ActiveCfg = Release|Any CPU
		{2C180D4B-D598-4248-861F-561DBEB82400}.Release|x64.Build.0 = Release|Any CPU
		{2C180D4B-D598-4248-861F-561DBEB82400}.Release|x86.ActiveCfg = Release|Any CPU
		{2C180D4B-D598-4248-861F-561DBEB82400}.Release|x86.Build.0 = Release|Any CPU
		{750F1A7E-C26B-E394-84AB-2AEF276F0E3C}.Debug|Any CPU.ActiveCfg = Debug|Any CPU
		{750F1A7E-C26B-E394-84AB-2AEF276F0E3C}.Debug|Any CPU.Build.0 = Debug|Any CPU
		{750F1A7E-C26B-E394-84AB-2AEF276F0E3C}.Debug|x64.ActiveCfg = Debug|Any CPU
		{750F1A7E-C26B-E394-84AB-2AEF276F0E3C}.Debug|x64.Build.0 = Debug|Any CPU
		{750F1A7E-C26B-E394-84AB-2AEF276F0E3C}.Debug|x86.ActiveCfg = Debug|Any CPU
		{750F1A7E-C26B-E394-84AB-2AEF276F0E3C}.Debug|x86.Build.0 = Debug|Any CPU
		{750F1A7E-C26B-E394-84AB-2AEF276F0E3C}.Release|Any CPU.ActiveCfg = Release|Any CPU
		{750F1A7E-C26B-E394-84AB-2AEF276F0E3C}.Release|Any CPU.Build.0 = Release|Any CPU
		{750F1A7E-C26B-E394-84AB-2AEF276F0E3C}.Release|x64.ActiveCfg = Release|Any CPU
		{750F1A7E-C26B-E394-84AB-2AEF276F0E3C}.Release|x64.Build.0 = Release|Any CPU
		{750F1A7E-C26B-E394-84AB-2AEF276F0E3C}.Release|x86.ActiveCfg = Release|Any CPU
		{750F1A7E-C26B-E394-84AB-2AEF276F0E3C}.Release|x86.Build.0 = Release|Any CPU
		{A37E7DBF-8D58-44A9-8B31-BA440F918E9D}.Debug|Any CPU.ActiveCfg = Debug|Any CPU
		{A37E7DBF-8D58-44A9-8B31-BA440F918E9D}.Debug|Any CPU.Build.0 = Debug|Any CPU
		{A37E7DBF-8D58-44A9-8B31-BA440F918E9D}.Debug|x64.ActiveCfg = Debug|Any CPU
		{A37E7DBF-8D58-44A9-8B31-BA440F918E9D}.Debug|x64.Build.0 = Debug|Any CPU
		{A37E7DBF-8D58-44A9-8B31-BA440F918E9D}.Debug|x86.ActiveCfg = Debug|Any CPU
		{A37E7DBF-8D58-44A9-8B31-BA440F918E9D}.Debug|x86.Build.0 = Debug|Any CPU
		{A37E7DBF-8D58-44A9-8B31-BA440F918E9D}.Release|Any CPU.ActiveCfg = Release|Any CPU
		{A37E7DBF-8D58-44A9-8B31-BA440F918E9D}.Release|Any CPU.Build.0 = Release|Any CPU
		{A37E7DBF-8D58-44A9-8B31-BA440F918E9D}.Release|x64.ActiveCfg = Release|Any CPU
		{A37E7DBF-8D58-44A9-8B31-BA440F918E9D}.Release|x64.Build.0 = Release|Any CPU
		{A37E7DBF-8D58-44A9-8B31-BA440F918E9D}.Release|x86.ActiveCfg = Release|Any CPU
		{A37E7DBF-8D58-44A9-8B31-BA440F918E9D}.Release|x86.Build.0 = Release|Any CPU
	EndGlobalSection
	GlobalSection(SolutionProperties) = preSolution
		HideSolutionNode = FALSE
	EndGlobalSection
	GlobalSection(NestedProjects) = preSolution
		{4A44EEF5-9DF1-4203-9B48-0BE5D336233C} = {F3F3EC4B-4010-49AD-B2D5-21A7CB220506}
		{3E9C3776-17C9-28DE-3735-A8B9F121C183} = {827E0CD3-B72D-47B6-A68D-7590B98EB39B}
		{77335C8D-3FD3-4C70-B240-1138D65888C2} = {3E9C3776-17C9-28DE-3735-A8B9F121C183}
		{960E5865-2C05-9F1D-3403-92315485659D} = {F3F3EC4B-4010-49AD-B2D5-21A7CB220506}
		{82390B53-F6F0-4FE1-BDEE-1D9080F7E4B7} = {827E0CD3-B72D-47B6-A68D-7590B98EB39B}
		{FB0AC18A-23AE-4D63-B99E-308A8B5C401C} = {3E9C3776-17C9-28DE-3735-A8B9F121C183}
		{D72F75E9-8BC6-BD97-A494-7230CA1F9214} = {960E5865-2C05-9F1D-3403-92315485659D}
		{AD4E17A6-9CCD-758B-D2AA-3C5EF69B9DD7} = {F3F3EC4B-4010-49AD-B2D5-21A7CB220506}
		{CDA901C8-D2B4-4C68-A834-7D5C2CC8DAEA} = {EB973748-21E6-4AE4-8F37-8A8257B0A34C}
		{330924EC-F7B3-4EA7-8551-9357CD0B1648} = {960E5865-2C05-9F1D-3403-92315485659D}
		{F276A8FF-77F1-C1D7-343F-7E14369F9406} = {3E9C3776-17C9-28DE-3735-A8B9F121C183}
		{99C6C1B6-4994-4CDA-BCE9-D7445853B913} = {3E9C3776-17C9-28DE-3735-A8B9F121C183}
		{4355DDB3-D58D-489B-A2FA-976765297D7C} = {3E9C3776-17C9-28DE-3735-A8B9F121C183}
		{D9F4EDF7-07CA-4C07-AA71-5C1BE17A6741} = {827E0CD3-B72D-47B6-A68D-7590B98EB39B}
		{BB79A2C8-4E89-4907-BDA2-5AA5BDCF4164} = {827E0CD3-B72D-47B6-A68D-7590B98EB39B}
		{2C180D4B-D598-4248-861F-561DBEB82400} = {827E0CD3-B72D-47B6-A68D-7590B98EB39B}
		{750F1A7E-C26B-E394-84AB-2AEF276F0E3C} = {827E0CD3-B72D-47B6-A68D-7590B98EB39B}
		{A37E7DBF-8D58-44A9-8B31-BA440F918E9D} = {F3F3EC4B-4010-49AD-B2D5-21A7CB220506}
	EndGlobalSection
	GlobalSection(ExtensibilityGlobals) = postSolution
		SolutionGuid = {0267911E-ECCA-4028-B7C2-C3DD9175959B}
	EndGlobalSection
EndGlobal
